
Microsoft Visual Studio Solution File, Format Version 12.00
# Visual Studio 2013
VisualStudioVersion = 12.0.31101.0
MinimumVisualStudioVersion = 10.0.40219.1
Project("{FAE04EC0-301F-11D3-BF4B-00C04F79EFBC}") = "DD.Web", "DiabeticDiary.Web\DD.Web.csproj", "{9CF9C8FA-9BA1-46CA-8EAF-7BC3545EFAC5}"
EndProject
Project("{2150E333-8FDC-42A3-9474-1A3956D46DE8}") = "1. Common", "1. Common", "{3515F994-C006-48F8-8216-2D81D2BE74DF}"
EndProject
Project("{2150E333-8FDC-42A3-9474-1A3956D46DE8}") = "2. Data", "2. Data", "{9793CB99-FB98-43D4-8D35-77A21F6413E9}"
EndProject
Project("{2150E333-8FDC-42A3-9474-1A3956D46DE8}") = "4. UI", "4. UI", "{BCD2940D-A47B-47E9-B3FA-51BFAC6EBCB4}"
EndProject
Project("{FAE04EC0-301F-11D3-BF4B-00C04F79EFBC}") = "DD.Data", "DD.Data\DD.Data.csproj", "{8495DA6C-E0F7-471E-8043-387DFB8C5647}"
EndProject
Project("{FAE04EC0-301F-11D3-BF4B-00C04F79EFBC}") = "DD.Repositories", "DD.Repositories\DD.Repositories.csproj", "{E9B970DD-B33C-4F6E-9DD0-38454DC12B3F}"
EndProject
Project("{FAE04EC0-301F-11D3-BF4B-00C04F79EFBC}") = "DD.Common", "DD.Common\DD.Common.csproj", "{24C6D7CC-BEFE-4539-86E0-159A9A27E92A}"
EndProject
Project("{FAE04EC0-301F-11D3-BF4B-00C04F79EFBC}") = "DD.Repositories.Interfaces", "DD.Repositories.Interfaces\DD.Repositories.Interfaces.csproj", "{1745A286-C67A-4FA9-BBA9-FC4015382F00}"
EndProject
Project("{2150E333-8FDC-42A3-9474-1A3956D46DE8}") = "3. Business", "3. Business", "{DAADD406-530E-4CEE-BDC2-C1C835DC53E8}"
EndProject
Project("{FAE04EC0-301F-11D3-BF4B-00C04F79EFBC}") = "DD.Services", "DD.Services\DD.Services.csproj", "{9D36451C-6351-49C1-A2D8-0B84C8E5F429}"
EndProject
Project("{FAE04EC0-301F-11D3-BF4B-00C04F79EFBC}") = "DD.Services.Interfaces", "DD.Services.Interfaces\DD.Services.Interfaces.csproj", "{34C98B07-BCE8-4DED-8F3D-EA403E73D77E}"
EndProject
Project("{FAE04EC0-301F-11D3-BF4B-00C04F79EFBC}") = "DD.Dto", "DD.Dto.Business\DD.Dto.csproj", "{0C85747E-8616-4EBC-A200-786CE340508B}"
EndProject
Project("{00D1A9C2-B5F0-4AF3-8072-F6C62B433612}") = "DD.Database", "DD.Database\DD.Database.sqlproj", "{091E8275-2EE7-4607-9180-B2C43FE0DE4C}"
EndProject
Project("{FAE04EC0-301F-11D3-BF4B-00C04F79EFBC}") = "DD.Web.Ioc", "DD.Web.Ioc\DD.Web.Ioc.csproj", "{52F8DCF7-C42F-4C55-B492-D91D25E83753}"
EndProject
Project("{FAE04EC0-301F-11D3-BF4B-00C04F79EFBC}") = "DD.ViewModels", "DD.ViewModels\DD.ViewModels.csproj", "{C6C2F8D7-4B39-4FEB-9327-9F0998A051DD}"
EndProject
Project("{FAE04EC0-301F-11D3-BF4B-00C04F79EFBC}") = "DD.Mappers", "DD.Mappers\DD.Mappers.csproj", "{81FB4950-C8FB-4677-AB36-6F32D0D3A781}"
EndProject
Global
	GlobalSection(SolutionConfigurationPlatforms) = preSolution
		Debug|Any CPU = Debug|Any CPU
		Debug|ARM = Debug|ARM
		Debug|x64 = Debug|x64
		Debug|x86 = Debug|x86
		Release|Any CPU = Release|Any CPU
		Release|ARM = Release|ARM
		Release|x64 = Release|x64
		Release|x86 = Release|x86
	EndGlobalSection
	GlobalSection(ProjectConfigurationPlatforms) = postSolution
		{9CF9C8FA-9BA1-46CA-8EAF-7BC3545EFAC5}.Debug|Any CPU.ActiveCfg = Debug|Any CPU
		{9CF9C8FA-9BA1-46CA-8EAF-7BC3545EFAC5}.Debug|Any CPU.Build.0 = Debug|Any CPU
		{9CF9C8FA-9BA1-46CA-8EAF-7BC3545EFAC5}.Debug|ARM.ActiveCfg = Debug|Any CPU
		{9CF9C8FA-9BA1-46CA-8EAF-7BC3545EFAC5}.Debug|x64.ActiveCfg = Debug|Any CPU
		{9CF9C8FA-9BA1-46CA-8EAF-7BC3545EFAC5}.Debug|x86.ActiveCfg = Debug|Any CPU
		{9CF9C8FA-9BA1-46CA-8EAF-7BC3545EFAC5}.Release|Any CPU.ActiveCfg = Release|Any CPU
		{9CF9C8FA-9BA1-46CA-8EAF-7BC3545EFAC5}.Release|Any CPU.Build.0 = Release|Any CPU
		{9CF9C8FA-9BA1-46CA-8EAF-7BC3545EFAC5}.Release|ARM.ActiveCfg = Release|Any CPU
		{9CF9C8FA-9BA1-46CA-8EAF-7BC3545EFAC5}.Release|x64.ActiveCfg = Release|Any CPU
		{9CF9C8FA-9BA1-46CA-8EAF-7BC3545EFAC5}.Release|x86.ActiveCfg = Release|Any CPU
		{8495DA6C-E0F7-471E-8043-387DFB8C5647}.Debug|Any CPU.ActiveCfg = Debug|Any CPU
		{8495DA6C-E0F7-471E-8043-387DFB8C5647}.Debug|Any CPU.Build.0 = Debug|Any CPU
		{8495DA6C-E0F7-471E-8043-387DFB8C5647}.Debug|ARM.ActiveCfg = Debug|Any CPU
		{8495DA6C-E0F7-471E-8043-387DFB8C5647}.Debug|x64.ActiveCfg = Debug|Any CPU
		{8495DA6C-E0F7-471E-8043-387DFB8C5647}.Debug|x86.ActiveCfg = Debug|Any CPU
		{8495DA6C-E0F7-471E-8043-387DFB8C5647}.Release|Any CPU.ActiveCfg = Release|Any CPU
		{8495DA6C-E0F7-471E-8043-387DFB8C5647}.Release|Any CPU.Build.0 = Release|Any CPU
		{8495DA6C-E0F7-471E-8043-387DFB8C5647}.Release|ARM.ActiveCfg = Release|Any CPU
		{8495DA6C-E0F7-471E-8043-387DFB8C5647}.Release|x64.ActiveCfg = Release|Any CPU
		{8495DA6C-E0F7-471E-8043-387DFB8C5647}.Release|x86.ActiveCfg = Release|Any CPU
		{E9B970DD-B33C-4F6E-9DD0-38454DC12B3F}.Debug|Any CPU.ActiveCfg = Debug|Any CPU
		{E9B970DD-B33C-4F6E-9DD0-38454DC12B3F}.Debug|Any CPU.Build.0 = Debug|Any CPU
		{E9B970DD-B33C-4F6E-9DD0-38454DC12B3F}.Debug|ARM.ActiveCfg = Debug|Any CPU
		{E9B970DD-B33C-4F6E-9DD0-38454DC12B3F}.Debug|x64.ActiveCfg = Debug|Any CPU
		{E9B970DD-B33C-4F6E-9DD0-38454DC12B3F}.Debug|x86.ActiveCfg = Debug|Any CPU
		{E9B970DD-B33C-4F6E-9DD0-38454DC12B3F}.Release|Any CPU.ActiveCfg = Release|Any CPU
		{E9B970DD-B33C-4F6E-9DD0-38454DC12B3F}.Release|Any CPU.Build.0 = Release|Any CPU
		{E9B970DD-B33C-4F6E-9DD0-38454DC12B3F}.Release|ARM.ActiveCfg = Release|Any CPU
		{E9B970DD-B33C-4F6E-9DD0-38454DC12B3F}.Release|x64.ActiveCfg = Release|Any CPU
		{E9B970DD-B33C-4F6E-9DD0-38454DC12B3F}.Release|x86.ActiveCfg = Release|Any CPU
		{24C6D7CC-BEFE-4539-86E0-159A9A27E92A}.Debug|Any CPU.ActiveCfg = Debug|Any CPU
		{24C6D7CC-BEFE-4539-86E0-159A9A27E92A}.Debug|Any CPU.Build.0 = Debug|Any CPU
		{24C6D7CC-BEFE-4539-86E0-159A9A27E92A}.Debug|ARM.ActiveCfg = Debug|Any CPU
		{24C6D7CC-BEFE-4539-86E0-159A9A27E92A}.Debug|x64.ActiveCfg = Debug|Any CPU
		{24C6D7CC-BEFE-4539-86E0-159A9A27E92A}.Debug|x86.ActiveCfg = Debug|Any CPU
		{24C6D7CC-BEFE-4539-86E0-159A9A27E92A}.Release|Any CPU.ActiveCfg = Release|Any CPU
		{24C6D7CC-BEFE-4539-86E0-159A9A27E92A}.Release|Any CPU.Build.0 = Release|Any CPU
		{24C6D7CC-BEFE-4539-86E0-159A9A27E92A}.Release|ARM.ActiveCfg = Release|Any CPU
		{24C6D7CC-BEFE-4539-86E0-159A9A27E92A}.Release|x64.ActiveCfg = Release|Any CPU
		{24C6D7CC-BEFE-4539-86E0-159A9A27E92A}.Release|x86.ActiveCfg = Release|Any CPU
		{1745A286-C67A-4FA9-BBA9-FC4015382F00}.Debug|Any CPU.ActiveCfg = Debug|Any CPU
		{1745A286-C67A-4FA9-BBA9-FC4015382F00}.Debug|Any CPU.Build.0 = Debug|Any CPU
		{1745A286-C67A-4FA9-BBA9-FC4015382F00}.Debug|ARM.ActiveCfg = Debug|Any CPU
		{1745A286-C67A-4FA9-BBA9-FC4015382F00}.Debug|x64.ActiveCfg = Debug|Any CPU
		{1745A286-C67A-4FA9-BBA9-FC4015382F00}.Debug|x86.ActiveCfg = Debug|Any CPU
		{1745A286-C67A-4FA9-BBA9-FC4015382F00}.Release|Any CPU.ActiveCfg = Release|Any CPU
		{1745A286-C67A-4FA9-BBA9-FC4015382F00}.Release|Any CPU.Build.0 = Release|Any CPU
		{1745A286-C67A-4FA9-BBA9-FC4015382F00}.Release|ARM.ActiveCfg = Release|Any CPU
		{1745A286-C67A-4FA9-BBA9-FC4015382F00}.Release|x64.ActiveCfg = Release|Any CPU
		{1745A286-C67A-4FA9-BBA9-FC4015382F00}.Release|x86.ActiveCfg = Release|Any CPU
		{9D36451C-6351-49C1-A2D8-0B84C8E5F429}.Debug|Any CPU.ActiveCfg = Debug|Any CPU
		{9D36451C-6351-49C1-A2D8-0B84C8E5F429}.Debug|Any CPU.Build.0 = Debug|Any CPU
		{9D36451C-6351-49C1-A2D8-0B84C8E5F429}.Debug|ARM.ActiveCfg = Debug|Any CPU
		{9D36451C-6351-49C1-A2D8-0B84C8E5F429}.Debug|x64.ActiveCfg = Debug|Any CPU
		{9D36451C-6351-49C1-A2D8-0B84C8E5F429}.Debug|x86.ActiveCfg = Debug|Any CPU
		{9D36451C-6351-49C1-A2D8-0B84C8E5F429}.Release|Any CPU.ActiveCfg = Release|Any CPU
		{9D36451C-6351-49C1-A2D8-0B84C8E5F429}.Release|Any CPU.Build.0 = Release|Any CPU
		{9D36451C-6351-49C1-A2D8-0B84C8E5F429}.Release|ARM.ActiveCfg = Release|Any CPU
		{9D36451C-6351-49C1-A2D8-0B84C8E5F429}.Release|x64.ActiveCfg = Release|Any CPU
		{9D36451C-6351-49C1-A2D8-0B84C8E5F429}.Release|x86.ActiveCfg = Release|Any CPU
		{34C98B07-BCE8-4DED-8F3D-EA403E73D77E}.Debug|Any CPU.ActiveCfg = Debug|Any CPU
		{34C98B07-BCE8-4DED-8F3D-EA403E73D77E}.Debug|Any CPU.Build.0 = Debug|Any CPU
		{34C98B07-BCE8-4DED-8F3D-EA403E73D77E}.Debug|ARM.ActiveCfg = Debug|Any CPU
		{34C98B07-BCE8-4DED-8F3D-EA403E73D77E}.Debug|x64.ActiveCfg = Debug|Any CPU
		{34C98B07-BCE8-4DED-8F3D-EA403E73D77E}.Debug|x86.ActiveCfg = Debug|Any CPU
		{34C98B07-BCE8-4DED-8F3D-EA403E73D77E}.Release|Any CPU.ActiveCfg = Release|Any CPU
		{34C98B07-BCE8-4DED-8F3D-EA403E73D77E}.Release|Any CPU.Build.0 = Release|Any CPU
		{34C98B07-BCE8-4DED-8F3D-EA403E73D77E}.Release|ARM.ActiveCfg = Release|Any CPU
		{34C98B07-BCE8-4DED-8F3D-EA403E73D77E}.Release|x64.ActiveCfg = Release|Any CPU
		{34C98B07-BCE8-4DED-8F3D-EA403E73D77E}.Release|x86.ActiveCfg = Release|Any CPU
		{0C85747E-8616-4EBC-A200-786CE340508B}.Debug|Any CPU.ActiveCfg = Debug|Any CPU
		{0C85747E-8616-4EBC-A200-786CE340508B}.Debug|Any CPU.Build.0 = Debug|Any CPU
		{0C85747E-8616-4EBC-A200-786CE340508B}.Debug|ARM.ActiveCfg = Debug|Any CPU
		{0C85747E-8616-4EBC-A200-786CE340508B}.Debug|x64.ActiveCfg = Debug|Any CPU
		{0C85747E-8616-4EBC-A200-786CE340508B}.Debug|x86.ActiveCfg = Debug|Any CPU
		{0C85747E-8616-4EBC-A200-786CE340508B}.Release|Any CPU.ActiveCfg = Release|Any CPU
		{0C85747E-8616-4EBC-A200-786CE340508B}.Release|Any CPU.Build.0 = Release|Any CPU
		{0C85747E-8616-4EBC-A200-786CE340508B}.Release|ARM.ActiveCfg = Release|Any CPU
		{0C85747E-8616-4EBC-A200-786CE340508B}.Release|x64.ActiveCfg = Release|Any CPU
		{0C85747E-8616-4EBC-A200-786CE340508B}.Release|x86.ActiveCfg = Release|Any CPU
		{091E8275-2EE7-4607-9180-B2C43FE0DE4C}.Debug|Any CPU.ActiveCfg = Debug|Any CPU
		{091E8275-2EE7-4607-9180-B2C43FE0DE4C}.Debug|Any CPU.Build.0 = Debug|Any CPU
		{091E8275-2EE7-4607-9180-B2C43FE0DE4C}.Debug|Any CPU.Deploy.0 = Debug|Any CPU
		{091E8275-2EE7-4607-9180-B2C43FE0DE4C}.Debug|ARM.ActiveCfg = Debug|Any CPU
		{091E8275-2EE7-4607-9180-B2C43FE0DE4C}.Debug|x64.ActiveCfg = Debug|Any CPU
		{091E8275-2EE7-4607-9180-B2C43FE0DE4C}.Debug|x86.ActiveCfg = Debug|Any CPU
		{091E8275-2EE7-4607-9180-B2C43FE0DE4C}.Release|Any CPU.ActiveCfg = Release|Any CPU
		{091E8275-2EE7-4607-9180-B2C43FE0DE4C}.Release|Any CPU.Build.0 = Release|Any CPU
		{091E8275-2EE7-4607-9180-B2C43FE0DE4C}.Release|Any CPU.Deploy.0 = Release|Any CPU
		{091E8275-2EE7-4607-9180-B2C43FE0DE4C}.Release|ARM.ActiveCfg = Release|Any CPU
		{091E8275-2EE7-4607-9180-B2C43FE0DE4C}.Release|x64.ActiveCfg = Release|Any CPU
		{091E8275-2EE7-4607-9180-B2C43FE0DE4C}.Release|x86.ActiveCfg = Release|Any CPU
		{52F8DCF7-C42F-4C55-B492-D91D25E83753}.Debug|Any CPU.ActiveCfg = Debug|Any CPU
		{52F8DCF7-C42F-4C55-B492-D91D25E83753}.Debug|Any CPU.Build.0 = Debug|Any CPU
		{52F8DCF7-C42F-4C55-B492-D91D25E83753}.Debug|ARM.ActiveCfg = Debug|Any CPU
		{52F8DCF7-C42F-4C55-B492-D91D25E83753}.Debug|x64.ActiveCfg = Debug|Any CPU
		{52F8DCF7-C42F-4C55-B492-D91D25E83753}.Debug|x86.ActiveCfg = Debug|Any CPU
		{52F8DCF7-C42F-4C55-B492-D91D25E83753}.Release|Any CPU.ActiveCfg = Release|Any CPU
		{52F8DCF7-C42F-4C55-B492-D91D25E83753}.Release|Any CPU.Build.0 = Release|Any CPU
		{52F8DCF7-C42F-4C55-B492-D91D25E83753}.Release|ARM.ActiveCfg = Release|Any CPU
		{52F8DCF7-C42F-4C55-B492-D91D25E83753}.Release|x64.ActiveCfg = Release|Any CPU
		{52F8DCF7-C42F-4C55-B492-D91D25E83753}.Release|x86.ActiveCfg = Release|Any CPU
		{C6C2F8D7-4B39-4FEB-9327-9F0998A051DD}.Debug|Any CPU.ActiveCfg = Debug|Any CPU
		{C6C2F8D7-4B39-4FEB-9327-9F0998A051DD}.Debug|Any CPU.Build.0 = Debug|Any CPU
		{C6C2F8D7-4B39-4FEB-9327-9F0998A051DD}.Debug|ARM.ActiveCfg = Debug|Any CPU
		{C6C2F8D7-4B39-4FEB-9327-9F0998A051DD}.Debug|x64.ActiveCfg = Debug|Any CPU
		{C6C2F8D7-4B39-4FEB-9327-9F0998A051DD}.Debug|x86.ActiveCfg = Debug|Any CPU
		{C6C2F8D7-4B39-4FEB-9327-9F0998A051DD}.Release|Any CPU.ActiveCfg = Release|Any CPU
		{C6C2F8D7-4B39-4FEB-9327-9F0998A051DD}.Release|Any CPU.Build.0 = Release|Any CPU
		{C6C2F8D7-4B39-4FEB-9327-9F0998A051DD}.Release|ARM.ActiveCfg = Release|Any CPU
		{C6C2F8D7-4B39-4FEB-9327-9F0998A051DD}.Release|x64.ActiveCfg = Release|Any CPU
		{C6C2F8D7-4B39-4FEB-9327-9F0998A051DD}.Release|x86.ActiveCfg = Release|Any CPU
		{81FB4950-C8FB-4677-AB36-6F32D0D3A781}.Debug|Any CPU.ActiveCfg = Debug|Any CPU
		{81FB4950-C8FB-4677-AB36-6F32D0D3A781}.Debug|Any CPU.Build.0 = Debug|Any CPU
		{81FB4950-C8FB-4677-AB36-6F32D0D3A781}.Debug|ARM.ActiveCfg = Debug|Any CPU
		{81FB4950-C8FB-4677-AB36-6F32D0D3A781}.Debug|x64.ActiveCfg = Debug|Any CPU
		{81FB4950-C8FB-4677-AB36-6F32D0D3A781}.Debug|x86.ActiveCfg = Debug|Any CPU
		{81FB4950-C8FB-4677-AB36-6F32D0D3A781}.Release|Any CPU.ActiveCfg = Release|Any CPU
		{81FB4950-C8FB-4677-AB36-6F32D0D3A781}.Release|Any CPU.Build.0 = Release|Any CPU
		{81FB4950-C8FB-4677-AB36-6F32D0D3A781}.Release|ARM.ActiveCfg = Release|Any CPU
		{81FB4950-C8FB-4677-AB36-6F32D0D3A781}.Release|x64.ActiveCfg = Release|Any CPU
		{81FB4950-C8FB-4677-AB36-6F32D0D3A781}.Release|x86.ActiveCfg = Release|Any CPU
	EndGlobalSection
	GlobalSection(SolutionProperties) = preSolution
		HideSolutionNode = FALSE
	EndGlobalSection
	GlobalSection(NestedProjects) = preSolution
		{9CF9C8FA-9BA1-46CA-8EAF-7BC3545EFAC5} = {BCD2940D-A47B-47E9-B3FA-51BFAC6EBCB4}
		{8495DA6C-E0F7-471E-8043-387DFB8C5647} = {9793CB99-FB98-43D4-8D35-77A21F6413E9}
		{E9B970DD-B33C-4F6E-9DD0-38454DC12B3F} = {9793CB99-FB98-43D4-8D35-77A21F6413E9}
		{24C6D7CC-BEFE-4539-86E0-159A9A27E92A} = {3515F994-C006-48F8-8216-2D81D2BE74DF}
		{1745A286-C67A-4FA9-BBA9-FC4015382F00} = {9793CB99-FB98-43D4-8D35-77A21F6413E9}
		{9D36451C-6351-49C1-A2D8-0B84C8E5F429} = {DAADD406-530E-4CEE-BDC2-C1C835DC53E8}
		{34C98B07-BCE8-4DED-8F3D-EA403E73D77E} = {DAADD406-530E-4CEE-BDC2-C1C835DC53E8}
		{0C85747E-8616-4EBC-A200-786CE340508B} = {3515F994-C006-48F8-8216-2D81D2BE74DF}
		{091E8275-2EE7-4607-9180-B2C43FE0DE4C} = {9793CB99-FB98-43D4-8D35-77A21F6413E9}
		{52F8DCF7-C42F-4C55-B492-D91D25E83753} = {BCD2940D-A47B-47E9-B3FA-51BFAC6EBCB4}
		{C6C2F8D7-4B39-4FEB-9327-9F0998A051DD} = {BCD2940D-A47B-47E9-B3FA-51BFAC6EBCB4}
		{81FB4950-C8FB-4677-AB36-6F32D0D3A781} = {3515F994-C006-48F8-8216-2D81D2BE74DF}
	EndGlobalSection
EndGlobal
